// !$*UTF8*$!
{
	archiveVersion = 1;
	classes = {
	};
	objectVersion = 46;
	objects = {

/* Begin PBXBuildFile section */
		19DB4B7B5F24B9FA69C59896 /* libPods-FabricycleTests.a in Frameworks */ = {isa = PBXBuildFile; fileRef = B5631D96E52D2983C22BD6C7 /* libPods-FabricycleTests.a */; };
		C7D2E054863877951450113D /* Pods_Fabricycle.framework in Frameworks */ = {isa = PBXBuildFile; fileRef = 28BC6AE33507A5C546930D01 /* Pods_Fabricycle.framework */; };
		D538F1F21F6CFD6D00AA0C28 /* MenuVC.swift in Sources */ = {isa = PBXBuildFile; fileRef = D538F1F11F6CFD6D00AA0C28 /* MenuVC.swift */; };
		D538F1F41F6D104400AA0C28 /* PreMainPageVC.swift in Sources */ = {isa = PBXBuildFile; fileRef = D538F1F31F6D104400AA0C28 /* PreMainPageVC.swift */; };
		D538F1F71F6D1E2500AA0C28 /* SideMenuVC.swift in Sources */ = {isa = PBXBuildFile; fileRef = D538F1F61F6D1E2500AA0C28 /* SideMenuVC.swift */; };
		D55E00B21F83C6220008AAA6 /* ClothProfileVC.swift in Sources */ = {isa = PBXBuildFile; fileRef = D55E00B11F83C6220008AAA6 /* ClothProfileVC.swift */; };
		D55E00B41F84D98F0008AAA6 /* ClothCollectionCell.xib in Resources */ = {isa = PBXBuildFile; fileRef = D55E00B31F84D98F0008AAA6 /* ClothCollectionCell.xib */; };
		D57091A91F5A9B43005B4067 /* AddNewSellClothVC.swift in Sources */ = {isa = PBXBuildFile; fileRef = D57091A81F5A9B43005B4067 /* AddNewSellClothVC.swift */; };
		D57091AC1F5ABEA0005B4067 /* AddNewSellClothDescriptionCell.swift in Sources */ = {isa = PBXBuildFile; fileRef = D57091AB1F5ABEA0005B4067 /* AddNewSellClothDescriptionCell.swift */; };
		D57091AE1F5B91BE005B4067 /* FabricycleNC.swift in Sources */ = {isa = PBXBuildFile; fileRef = D57091AD1F5B91BE005B4067 /* FabricycleNC.swift */; };
		D57091B31F5B9B82005B4067 /* SelectClothPriceVC.swift in Sources */ = {isa = PBXBuildFile; fileRef = D57091B21F5B9B82005B4067 /* SelectClothPriceVC.swift */; };
		D57091B51F5B9DCE005B4067 /* SelectPriceCell.swift in Sources */ = {isa = PBXBuildFile; fileRef = D57091B41F5B9DCE005B4067 /* SelectPriceCell.swift */; };
		D57091B81F5BACA1005B4067 /* DeliverInfoVC.swift in Sources */ = {isa = PBXBuildFile; fileRef = D57091B71F5BACA1005B4067 /* DeliverInfoVC.swift */; };
		D57091BA1F5BAE36005B4067 /* DelliverinfoCell.swift in Sources */ = {isa = PBXBuildFile; fileRef = D57091B91F5BAE36005B4067 /* DelliverinfoCell.swift */; };
		D57091BC1F5BAF4B005B4067 /* DeiliverinfoCell2.swift in Sources */ = {isa = PBXBuildFile; fileRef = D57091BB1F5BAF4B005B4067 /* DeiliverinfoCell2.swift */; };
		D57AC5D61F62DEAE00E01E72 /* Localizable.strings in Resources */ = {isa = PBXBuildFile; fileRef = D57AC5D81F62DEAE00E01E72 /* Localizable.strings */; };
		D59D633F1F62C86D00F972D2 /* ShowFormObjectVC.swift in Sources */ = {isa = PBXBuildFile; fileRef = D59D633E1F62C86D00F972D2 /* ShowFormObjectVC.swift */; };
		D5BB75AB1F55939700CC635D /* Bolts.framework in Frameworks */ = {isa = PBXBuildFile; fileRef = D5BB75AA1F55939700CC635D /* Bolts.framework */; };
		D5BF48391F7634B000E9F67E /* SignUpVC.swift in Sources */ = {isa = PBXBuildFile; fileRef = D5BF48381F7634B000E9F67E /* SignUpVC.swift */; };
		E70C1BFC1F49A119005EAEA2 /* AddNewClothVC.swift in Sources */ = {isa = PBXBuildFile; fileRef = E70C1BFB1F49A119005EAEA2 /* AddNewClothVC.swift */; };
		E70C1BFE1F49A16F005EAEA2 /* ClothCollectionCell.swift in Sources */ = {isa = PBXBuildFile; fileRef = E70C1BFD1F49A16F005EAEA2 /* ClothCollectionCell.swift */; };
		E70C1C001F49A2DC005EAEA2 /* Cloth.swift in Sources */ = {isa = PBXBuildFile; fileRef = E70C1BFF1F49A2DC005EAEA2 /* Cloth.swift */; };
		E71A4A911F5EE81A008A57DA /* EditClothDescriptionVC.swift in Sources */ = {isa = PBXBuildFile; fileRef = E71A4A901F5EE81A008A57DA /* EditClothDescriptionVC.swift */; };
		E71DD78D1F8B21AD00815141 /* About.storyboard in Resources */ = {isa = PBXBuildFile; fileRef = E71DD78C1F8B21AD00815141 /* About.storyboard */; };
		E71DD78F1F8B301600815141 /* AboutVC.swift in Sources */ = {isa = PBXBuildFile; fileRef = E71DD78E1F8B301600815141 /* AboutVC.swift */; };
		E73B283B1F4D1D01007135A6 /* FormItemVC.swift in Sources */ = {isa = PBXBuildFile; fileRef = E73B283A1F4D1D01007135A6 /* FormItemVC.swift */; };
		E7DEED561F4FC0B700D15022 /* FabricycleTests.swift in Sources */ = {isa = PBXBuildFile; fileRef = E7DEED551F4FC0B700D15022 /* FabricycleTests.swift */; };
		E7DEED5E1F4FC2C700D15022 /* FabricycleUploadTest.swift in Sources */ = {isa = PBXBuildFile; fileRef = E7DEED5D1F4FC2C700D15022 /* FabricycleUploadTest.swift */; };
		E7DEED601F4FFC7400D15022 /* Utilty.swift in Sources */ = {isa = PBXBuildFile; fileRef = E7DEED5F1F4FFC7400D15022 /* Utilty.swift */; };
		E7DEED631F53C47000D15022 /* FBSDKCoreKit.framework in Frameworks */ = {isa = PBXBuildFile; fileRef = E7DEED611F53C47000D15022 /* FBSDKCoreKit.framework */; };
		E7DEED641F53C47100D15022 /* FBSDKLoginKit.framework in Frameworks */ = {isa = PBXBuildFile; fileRef = E7DEED621F53C47000D15022 /* FBSDKLoginKit.framework */; };
		E7DEED671F53CF2300D15022 /* apikey.plist in Resources */ = {isa = PBXBuildFile; fileRef = E7DEED651F53CF2300D15022 /* apikey.plist */; };
		E7DEED681F53CF2300D15022 /* GoogleService-Info.plist in Resources */ = {isa = PBXBuildFile; fileRef = E7DEED661F53CF2300D15022 /* GoogleService-Info.plist */; };
		E7DEED6A1F53E22A00D15022 /* ProfileVC.swift in Sources */ = {isa = PBXBuildFile; fileRef = E7DEED691F53E22A00D15022 /* ProfileVC.swift */; };
		E7DEED6C1F53E37200D15022 /* FabricycleTabBarC.swift in Sources */ = {isa = PBXBuildFile; fileRef = E7DEED6B1F53E37200D15022 /* FabricycleTabBarC.swift */; };
		E7DEED711F554F1300D15022 /* AddNewRecycleNumber.swift in Sources */ = {isa = PBXBuildFile; fileRef = E7DEED701F554F1300D15022 /* AddNewRecycleNumber.swift */; };
		E7DEED731F55507A00D15022 /* RecycleClothNumberCell.swift in Sources */ = {isa = PBXBuildFile; fileRef = E7DEED721F55507A00D15022 /* RecycleClothNumberCell.swift */; };
		E7DEED771F55523200D15022 /* AddNewSellClothCell.swift in Sources */ = {isa = PBXBuildFile; fileRef = E7DEED761F55523200D15022 /* AddNewSellClothCell.swift */; };
		E7DEED791F55526900D15022 /* SingleClothCell.swift in Sources */ = {isa = PBXBuildFile; fileRef = E7DEED781F55526900D15022 /* SingleClothCell.swift */; };
		E7DEED7B1F56A66E00D15022 /* SetRecycleClothNumberVC.swift in Sources */ = {isa = PBXBuildFile; fileRef = E7DEED7A1F56A66E00D15022 /* SetRecycleClothNumberVC.swift */; };
		E7E154891F481DF7001D5929 /* AppDelegate.swift in Sources */ = {isa = PBXBuildFile; fileRef = E7E154881F481DF7001D5929 /* AppDelegate.swift */; };
		E7E1548E1F481DF7001D5929 /* Main.storyboard in Resources */ = {isa = PBXBuildFile; fileRef = E7E1548C1F481DF7001D5929 /* Main.storyboard */; };
		E7E154901F481DF7001D5929 /* Assets.xcassets in Resources */ = {isa = PBXBuildFile; fileRef = E7E1548F1F481DF7001D5929 /* Assets.xcassets */; };
		E7E154931F481DF7001D5929 /* LaunchScreen.storyboard in Resources */ = {isa = PBXBuildFile; fileRef = E7E154911F481DF7001D5929 /* LaunchScreen.storyboard */; };
		E7E1549B1F486E53001D5929 /* MainPageVC.swift in Sources */ = {isa = PBXBuildFile; fileRef = E7E1549A1F486E53001D5929 /* MainPageVC.swift */; };
		E7E1549D1F487022001D5929 /* AddNewFormVC.swift in Sources */ = {isa = PBXBuildFile; fileRef = E7E1549C1F487022001D5929 /* AddNewFormVC.swift */; };
		E7E1549F1F4871B4001D5929 /* LoginViewController.swift in Sources */ = {isa = PBXBuildFile; fileRef = E7E1549E1F4871B4001D5929 /* LoginViewController.swift */; };
		E7E154AA1F487ED7001D5929 /* ClothObject.swift in Sources */ = {isa = PBXBuildFile; fileRef = E7E154A91F487ED7001D5929 /* ClothObject.swift */; };
		E7E154AC1F4883F3001D5929 /* AddNewFormCell.swift in Sources */ = {isa = PBXBuildFile; fileRef = E7E154AB1F4883F3001D5929 /* AddNewFormCell.swift */; };
		E7E154AE1F4929EC001D5929 /* User.swift in Sources */ = {isa = PBXBuildFile; fileRef = E7E154AD1F4929EC001D5929 /* User.swift */; };
		E7E154B01F492A5D001D5929 /* FormObject.swift in Sources */ = {isa = PBXBuildFile; fileRef = E7E154AF1F492A5D001D5929 /* FormObject.swift */; };
/* End PBXBuildFile section */

/* Begin PBXContainerItemProxy section */
		E7DEED581F4FC0B700D15022 /* PBXContainerItemProxy */ = {
			isa = PBXContainerItemProxy;
			containerPortal = E7E1547D1F481DF7001D5929 /* Project object */;
			proxyType = 1;
			remoteGlobalIDString = E7E154841F481DF7001D5929;
			remoteInfo = Fabricycle;
		};
/* End PBXContainerItemProxy section */

/* Begin PBXFileReference section */
		28BC6AE33507A5C546930D01 /* Pods_Fabricycle.framework */ = {isa = PBXFileReference; explicitFileType = wrapper.framework; includeInIndex = 0; path = Pods_Fabricycle.framework; sourceTree = BUILT_PRODUCTS_DIR; };
		39CBDBBA368A2E4622374824 /* Pods-FabricycleTests.release.xcconfig */ = {isa = PBXFileReference; includeInIndex = 1; lastKnownFileType = text.xcconfig; name = "Pods-FabricycleTests.release.xcconfig"; path = "Pods/Target Support Files/Pods-FabricycleTests/Pods-FabricycleTests.release.xcconfig"; sourceTree = "<group>"; };
		6FF4E2BC47CCDB3539DB09CD /* Pods-FabricycleTests.debug.xcconfig */ = {isa = PBXFileReference; includeInIndex = 1; lastKnownFileType = text.xcconfig; name = "Pods-FabricycleTests.debug.xcconfig"; path = "Pods/Target Support Files/Pods-FabricycleTests/Pods-FabricycleTests.debug.xcconfig"; sourceTree = "<group>"; };
		B5631D96E52D2983C22BD6C7 /* libPods-FabricycleTests.a */ = {isa = PBXFileReference; explicitFileType = archive.ar; includeInIndex = 0; path = "libPods-FabricycleTests.a"; sourceTree = BUILT_PRODUCTS_DIR; };
		C135058DDCA13435544E294A /* Pods-Fabricycle.release.xcconfig */ = {isa = PBXFileReference; includeInIndex = 1; lastKnownFileType = text.xcconfig; name = "Pods-Fabricycle.release.xcconfig"; path = "Pods/Target Support Files/Pods-Fabricycle/Pods-Fabricycle.release.xcconfig"; sourceTree = "<group>"; };
		C3BC8A9A9F9B95B3C60C1E59 /* Pods-Fabricycle.debug.xcconfig */ = {isa = PBXFileReference; includeInIndex = 1; lastKnownFileType = text.xcconfig; name = "Pods-Fabricycle.debug.xcconfig"; path = "Pods/Target Support Files/Pods-Fabricycle/Pods-Fabricycle.debug.xcconfig"; sourceTree = "<group>"; };
		D538F1F11F6CFD6D00AA0C28 /* MenuVC.swift */ = {isa = PBXFileReference; fileEncoding = 4; lastKnownFileType = sourcecode.swift; path = MenuVC.swift; sourceTree = "<group>"; };
		D538F1F31F6D104400AA0C28 /* PreMainPageVC.swift */ = {isa = PBXFileReference; fileEncoding = 4; lastKnownFileType = sourcecode.swift; path = PreMainPageVC.swift; sourceTree = "<group>"; };
		D538F1F61F6D1E2500AA0C28 /* SideMenuVC.swift */ = {isa = PBXFileReference; fileEncoding = 4; lastKnownFileType = sourcecode.swift; path = SideMenuVC.swift; sourceTree = "<group>"; };
		D55E00B11F83C6220008AAA6 /* ClothProfileVC.swift */ = {isa = PBXFileReference; fileEncoding = 4; lastKnownFileType = sourcecode.swift; path = ClothProfileVC.swift; sourceTree = "<group>"; };
		D55E00B31F84D98F0008AAA6 /* ClothCollectionCell.xib */ = {isa = PBXFileReference; fileEncoding = 4; lastKnownFileType = file.xib; path = ClothCollectionCell.xib; sourceTree = "<group>"; };
		D57091A81F5A9B43005B4067 /* AddNewSellClothVC.swift */ = {isa = PBXFileReference; fileEncoding = 4; lastKnownFileType = sourcecode.swift; path = AddNewSellClothVC.swift; sourceTree = "<group>"; };
		D57091AB1F5ABEA0005B4067 /* AddNewSellClothDescriptionCell.swift */ = {isa = PBXFileReference; fileEncoding = 4; lastKnownFileType = sourcecode.swift; path = AddNewSellClothDescriptionCell.swift; sourceTree = "<group>"; };
		D57091AD1F5B91BE005B4067 /* FabricycleNC.swift */ = {isa = PBXFileReference; fileEncoding = 4; lastKnownFileType = sourcecode.swift; path = FabricycleNC.swift; sourceTree = "<group>"; };
		D57091B21F5B9B82005B4067 /* SelectClothPriceVC.swift */ = {isa = PBXFileReference; fileEncoding = 4; lastKnownFileType = sourcecode.swift; path = SelectClothPriceVC.swift; sourceTree = "<group>"; };
		D57091B41F5B9DCE005B4067 /* SelectPriceCell.swift */ = {isa = PBXFileReference; fileEncoding = 4; lastKnownFileType = sourcecode.swift; path = SelectPriceCell.swift; sourceTree = "<group>"; };
		D57091B71F5BACA1005B4067 /* DeliverInfoVC.swift */ = {isa = PBXFileReference; fileEncoding = 4; lastKnownFileType = sourcecode.swift; path = DeliverInfoVC.swift; sourceTree = "<group>"; };
		D57091B91F5BAE36005B4067 /* DelliverinfoCell.swift */ = {isa = PBXFileReference; fileEncoding = 4; lastKnownFileType = sourcecode.swift; path = DelliverinfoCell.swift; sourceTree = "<group>"; };
		D57091BB1F5BAF4B005B4067 /* DeiliverinfoCell2.swift */ = {isa = PBXFileReference; fileEncoding = 4; lastKnownFileType = sourcecode.swift; path = DeiliverinfoCell2.swift; sourceTree = "<group>"; };
		D57AC5D21F62DE3400E01E72 /* en */ = {isa = PBXFileReference; lastKnownFileType = file.storyboard; name = en; path = en.lproj/Main.storyboard; sourceTree = "<group>"; };
		D57AC5D31F62DE3400E01E72 /* en */ = {isa = PBXFileReference; lastKnownFileType = file.storyboard; name = en; path = en.lproj/LaunchScreen.storyboard; sourceTree = "<group>"; };
		D57AC5D71F62DEAE00E01E72 /* en */ = {isa = PBXFileReference; lastKnownFileType = text.plist.strings; name = en; path = en.lproj/Localizable.strings; sourceTree = "<group>"; };
		D57AC5D91F62DEBA00E01E72 /* zh-Hant */ = {isa = PBXFileReference; lastKnownFileType = text.plist.strings; name = "zh-Hant"; path = "zh-Hant.lproj/Localizable.strings"; sourceTree = "<group>"; };
		D59D633E1F62C86D00F972D2 /* ShowFormObjectVC.swift */ = {isa = PBXFileReference; fileEncoding = 4; lastKnownFileType = sourcecode.swift; path = ShowFormObjectVC.swift; sourceTree = "<group>"; };
		D5BB75AA1F55939700CC635D /* Bolts.framework */ = {isa = PBXFileReference; lastKnownFileType = wrapper.framework; path = Bolts.framework; sourceTree = "<group>"; };
		D5BF48381F7634B000E9F67E /* SignUpVC.swift */ = {isa = PBXFileReference; fileEncoding = 4; lastKnownFileType = sourcecode.swift; path = SignUpVC.swift; sourceTree = "<group>"; };
		E70C1BFB1F49A119005EAEA2 /* AddNewClothVC.swift */ = {isa = PBXFileReference; fileEncoding = 4; lastKnownFileType = sourcecode.swift; path = AddNewClothVC.swift; sourceTree = "<group>"; };
		E70C1BFD1F49A16F005EAEA2 /* ClothCollectionCell.swift */ = {isa = PBXFileReference; fileEncoding = 4; lastKnownFileType = sourcecode.swift; path = ClothCollectionCell.swift; sourceTree = "<group>"; };
		E70C1BFF1F49A2DC005EAEA2 /* Cloth.swift */ = {isa = PBXFileReference; fileEncoding = 4; lastKnownFileType = sourcecode.swift; path = Cloth.swift; sourceTree = "<group>"; };
		E71A4A901F5EE81A008A57DA /* EditClothDescriptionVC.swift */ = {isa = PBXFileReference; fileEncoding = 4; lastKnownFileType = sourcecode.swift; path = EditClothDescriptionVC.swift; sourceTree = "<group>"; };
		E71DD78C1F8B21AD00815141 /* About.storyboard */ = {isa = PBXFileReference; fileEncoding = 4; lastKnownFileType = file.storyboard; path = About.storyboard; sourceTree = "<group>"; };
		E71DD78E1F8B301600815141 /* AboutVC.swift */ = {isa = PBXFileReference; fileEncoding = 4; lastKnownFileType = sourcecode.swift; path = AboutVC.swift; sourceTree = "<group>"; };
		E73B283A1F4D1D01007135A6 /* FormItemVC.swift */ = {isa = PBXFileReference; fileEncoding = 4; lastKnownFileType = sourcecode.swift; path = FormItemVC.swift; sourceTree = "<group>"; };
		E7DEED531F4FC0B700D15022 /* FabricycleTests.xctest */ = {isa = PBXFileReference; explicitFileType = wrapper.cfbundle; includeInIndex = 0; path = FabricycleTests.xctest; sourceTree = BUILT_PRODUCTS_DIR; };
		E7DEED551F4FC0B700D15022 /* FabricycleTests.swift */ = {isa = PBXFileReference; lastKnownFileType = sourcecode.swift; path = FabricycleTests.swift; sourceTree = "<group>"; };
		E7DEED571F4FC0B700D15022 /* Info.plist */ = {isa = PBXFileReference; lastKnownFileType = text.plist.xml; path = Info.plist; sourceTree = "<group>"; };
		E7DEED5D1F4FC2C700D15022 /* FabricycleUploadTest.swift */ = {isa = PBXFileReference; fileEncoding = 4; lastKnownFileType = sourcecode.swift; path = FabricycleUploadTest.swift; sourceTree = "<group>"; };
		E7DEED5F1F4FFC7400D15022 /* Utilty.swift */ = {isa = PBXFileReference; fileEncoding = 4; lastKnownFileType = sourcecode.swift; path = Utilty.swift; sourceTree = "<group>"; };
		E7DEED611F53C47000D15022 /* FBSDKCoreKit.framework */ = {isa = PBXFileReference; lastKnownFileType = wrapper.framework; path = FBSDKCoreKit.framework; sourceTree = "<group>"; };
		E7DEED621F53C47000D15022 /* FBSDKLoginKit.framework */ = {isa = PBXFileReference; lastKnownFileType = wrapper.framework; path = FBSDKLoginKit.framework; sourceTree = "<group>"; };
		E7DEED651F53CF2300D15022 /* apikey.plist */ = {isa = PBXFileReference; fileEncoding = 4; lastKnownFileType = text.plist.xml; path = apikey.plist; sourceTree = "<group>"; };
		E7DEED661F53CF2300D15022 /* GoogleService-Info.plist */ = {isa = PBXFileReference; fileEncoding = 4; lastKnownFileType = text.plist.xml; path = "GoogleService-Info.plist"; sourceTree = "<group>"; };
		E7DEED691F53E22A00D15022 /* ProfileVC.swift */ = {isa = PBXFileReference; fileEncoding = 4; lastKnownFileType = sourcecode.swift; path = ProfileVC.swift; sourceTree = "<group>"; };
		E7DEED6B1F53E37200D15022 /* FabricycleTabBarC.swift */ = {isa = PBXFileReference; fileEncoding = 4; lastKnownFileType = sourcecode.swift; path = FabricycleTabBarC.swift; sourceTree = "<group>"; };
		E7DEED701F554F1300D15022 /* AddNewRecycleNumber.swift */ = {isa = PBXFileReference; fileEncoding = 4; lastKnownFileType = sourcecode.swift; path = AddNewRecycleNumber.swift; sourceTree = "<group>"; };
		E7DEED721F55507A00D15022 /* RecycleClothNumberCell.swift */ = {isa = PBXFileReference; fileEncoding = 4; lastKnownFileType = sourcecode.swift; path = RecycleClothNumberCell.swift; sourceTree = "<group>"; };
		E7DEED761F55523200D15022 /* AddNewSellClothCell.swift */ = {isa = PBXFileReference; fileEncoding = 4; lastKnownFileType = sourcecode.swift; path = AddNewSellClothCell.swift; sourceTree = "<group>"; };
		E7DEED781F55526900D15022 /* SingleClothCell.swift */ = {isa = PBXFileReference; fileEncoding = 4; lastKnownFileType = sourcecode.swift; path = SingleClothCell.swift; sourceTree = "<group>"; };
		E7DEED7A1F56A66E00D15022 /* SetRecycleClothNumberVC.swift */ = {isa = PBXFileReference; fileEncoding = 4; lastKnownFileType = sourcecode.swift; path = SetRecycleClothNumberVC.swift; sourceTree = "<group>"; };
		E7E154851F481DF7001D5929 /* Fabricycle.app */ = {isa = PBXFileReference; explicitFileType = wrapper.application; includeInIndex = 0; path = Fabricycle.app; sourceTree = BUILT_PRODUCTS_DIR; };
		E7E154881F481DF7001D5929 /* AppDelegate.swift */ = {isa = PBXFileReference; lastKnownFileType = sourcecode.swift; path = AppDelegate.swift; sourceTree = "<group>"; };
		E7E1548F1F481DF7001D5929 /* Assets.xcassets */ = {isa = PBXFileReference; lastKnownFileType = folder.assetcatalog; name = Assets.xcassets; path = Fabricycle/Assets.xcassets; sourceTree = "<group>"; };
		E7E154941F481DF7001D5929 /* Info.plist */ = {isa = PBXFileReference; lastKnownFileType = text.plist.xml; path = Info.plist; sourceTree = "<group>"; };
		E7E1549A1F486E53001D5929 /* MainPageVC.swift */ = {isa = PBXFileReference; fileEncoding = 4; lastKnownFileType = sourcecode.swift; path = MainPageVC.swift; sourceTree = "<group>"; };
		E7E1549C1F487022001D5929 /* AddNewFormVC.swift */ = {isa = PBXFileReference; fileEncoding = 4; lastKnownFileType = sourcecode.swift; path = AddNewFormVC.swift; sourceTree = "<group>"; };
		E7E1549E1F4871B4001D5929 /* LoginViewController.swift */ = {isa = PBXFileReference; fileEncoding = 4; lastKnownFileType = sourcecode.swift; path = LoginViewController.swift; sourceTree = "<group>"; };
		E7E154A21F48775F001D5929 /* Fabricycle-Bridging-Header.h */ = {isa = PBXFileReference; lastKnownFileType = sourcecode.c.h; path = "Fabricycle-Bridging-Header.h"; sourceTree = "<group>"; };
		E7E154A31F48777A001D5929 /* Fabricycle.entitlements */ = {isa = PBXFileReference; lastKnownFileType = text.plist.entitlements; path = Fabricycle.entitlements; sourceTree = "<group>"; };
		E7E154A91F487ED7001D5929 /* ClothObject.swift */ = {isa = PBXFileReference; fileEncoding = 4; lastKnownFileType = sourcecode.swift; path = ClothObject.swift; sourceTree = "<group>"; };
		E7E154AB1F4883F3001D5929 /* AddNewFormCell.swift */ = {isa = PBXFileReference; fileEncoding = 4; lastKnownFileType = sourcecode.swift; path = AddNewFormCell.swift; sourceTree = "<group>"; };
		E7E154AD1F4929EC001D5929 /* User.swift */ = {isa = PBXFileReference; fileEncoding = 4; lastKnownFileType = sourcecode.swift; path = User.swift; sourceTree = "<group>"; };
		E7E154AF1F492A5D001D5929 /* FormObject.swift */ = {isa = PBXFileReference; fileEncoding = 4; lastKnownFileType = sourcecode.swift; path = FormObject.swift; sourceTree = "<group>"; };
/* End PBXFileReference section */

/* Begin PBXFrameworksBuildPhase section */
		E7DEED501F4FC0B700D15022 /* Frameworks */ = {
			isa = PBXFrameworksBuildPhase;
			buildActionMask = 2147483647;
			files = (
				19DB4B7B5F24B9FA69C59896 /* libPods-FabricycleTests.a in Frameworks */,
			);
			runOnlyForDeploymentPostprocessing = 0;
		};
		E7E154821F481DF7001D5929 /* Frameworks */ = {
			isa = PBXFrameworksBuildPhase;
			buildActionMask = 2147483647;
			files = (
				C7D2E054863877951450113D /* Pods_Fabricycle.framework in Frameworks */,
				E7DEED631F53C47000D15022 /* FBSDKCoreKit.framework in Frameworks */,
				E7DEED641F53C47100D15022 /* FBSDKLoginKit.framework in Frameworks */,
				D5BB75AB1F55939700CC635D /* Bolts.framework in Frameworks */,
			);
			runOnlyForDeploymentPostprocessing = 0;
		};
/* End PBXFrameworksBuildPhase section */

/* Begin PBXGroup section */
		19A82D9FD4ADF7C337B44725 /* Frameworks */ = {
			isa = PBXGroup;
			children = (
				D5BB75AA1F55939700CC635D /* Bolts.framework */,
				E7DEED611F53C47000D15022 /* FBSDKCoreKit.framework */,
				E7DEED621F53C47000D15022 /* FBSDKLoginKit.framework */,
				28BC6AE33507A5C546930D01 /* Pods_Fabricycle.framework */,
				B5631D96E52D2983C22BD6C7 /* libPods-FabricycleTests.a */,
			);
			name = Frameworks;
			sourceTree = "<group>";
		};
		D538F1EF1F6CC1CE00AA0C28 /* cell */ = {
			isa = PBXGroup;
			children = (
				E7DEED721F55507A00D15022 /* RecycleClothNumberCell.swift */,
				E7DEED781F55526900D15022 /* SingleClothCell.swift */,
				E7DEED761F55523200D15022 /* AddNewSellClothCell.swift */,
				D57091AB1F5ABEA0005B4067 /* AddNewSellClothDescriptionCell.swift */,
				D57091B41F5B9DCE005B4067 /* SelectPriceCell.swift */,
			);
			name = cell;
			sourceTree = "<group>";
		};
		D538F1F51F6D1DE800AA0C28 /* SideMenuVC */ = {
			isa = PBXGroup;
			children = (
				D538F1F61F6D1E2500AA0C28 /* SideMenuVC.swift */,
				D538F1F11F6CFD6D00AA0C28 /* MenuVC.swift */,
			);
			name = SideMenuVC;
			sourceTree = "<group>";
		};
		D57091AA1F5ABE62005B4067 /* new sell cloth */ = {
			isa = PBXGroup;
			children = (
				D538F1EF1F6CC1CE00AA0C28 /* cell */,
				D57091A81F5A9B43005B4067 /* AddNewSellClothVC.swift */,
				D57091B21F5B9B82005B4067 /* SelectClothPriceVC.swift */,
				E71A4A901F5EE81A008A57DA /* EditClothDescriptionVC.swift */,
			);
			name = "new sell cloth";
			sourceTree = "<group>";
		};
		D57091AF1F5B927E005B4067 /* Temp */ = {
			isa = PBXGroup;
			children = (
				D57091AD1F5B91BE005B4067 /* FabricycleNC.swift */,
				E7DEED6B1F53E37200D15022 /* FabricycleTabBarC.swift */,
			);
			name = Temp;
			sourceTree = "<group>";
		};
		D57091B61F5BAAC9005B4067 /* addNewForm */ = {
			isa = PBXGroup;
			children = (
				E7DEED701F554F1300D15022 /* AddNewRecycleNumber.swift */,
				D57091B71F5BACA1005B4067 /* DeliverInfoVC.swift */,
				D57091B91F5BAE36005B4067 /* DelliverinfoCell.swift */,
				D57091BB1F5BAF4B005B4067 /* DeiliverinfoCell2.swift */,
				E70C1BFD1F49A16F005EAEA2 /* ClothCollectionCell.swift */,
				D55E00B31F84D98F0008AAA6 /* ClothCollectionCell.xib */,
			);
			name = addNewForm;
			sourceTree = "<group>";
		};
		D5BE89D91F6EB7290027E141 /* unuse */ = {
			isa = PBXGroup;
			children = (
				E73B283A1F4D1D01007135A6 /* FormItemVC.swift */,
				D59D633E1F62C86D00F972D2 /* ShowFormObjectVC.swift */,
				E70C1BFB1F49A119005EAEA2 /* AddNewClothVC.swift */,
			);
			name = unuse;
			sourceTree = "<group>";
		};
		E70C1BF91F499E89005EAEA2 /* New Form flow */ = {
			isa = PBXGroup;
			children = (
				D57091B61F5BAAC9005B4067 /* addNewForm */,
				E7E1549C1F487022001D5929 /* AddNewFormVC.swift */,
				E7DEED7A1F56A66E00D15022 /* SetRecycleClothNumberVC.swift */,
				D5BE89D91F6EB7290027E141 /* unuse */,
				D57091AA1F5ABE62005B4067 /* new sell cloth */,
			);
			name = "New Form flow";
			sourceTree = "<group>";
		};
		E70C1BFA1F499E92005EAEA2 /* support file */ = {
			isa = PBXGroup;
			children = (
				E7DEED651F53CF2300D15022 /* apikey.plist */,
				E7DEED661F53CF2300D15022 /* GoogleService-Info.plist */,
				E7E154A31F48777A001D5929 /* Fabricycle.entitlements */,
				E7E154911F481DF7001D5929 /* LaunchScreen.storyboard */,
				E7E154941F481DF7001D5929 /* Info.plist */,
				E7E154A21F48775F001D5929 /* Fabricycle-Bridging-Header.h */,
				E7DEED5F1F4FFC7400D15022 /* Utilty.swift */,
				D57AC5D81F62DEAE00E01E72 /* Localizable.strings */,
			);
			name = "support file";
			sourceTree = "<group>";
		};
		E71DD7871F8B1F8100815141 /* about */ = {
			isa = PBXGroup;
			children = (
				E71DD78E1F8B301600815141 /* AboutVC.swift */,
				E71DD78C1F8B21AD00815141 /* About.storyboard */,
			);
			name = about;
			sourceTree = "<group>";
		};
		E76EA3C7BEE8F90CE0C51F60 /* Pods */ = {
			isa = PBXGroup;
			children = (
				C3BC8A9A9F9B95B3C60C1E59 /* Pods-Fabricycle.debug.xcconfig */,
				C135058DDCA13435544E294A /* Pods-Fabricycle.release.xcconfig */,
				6FF4E2BC47CCDB3539DB09CD /* Pods-FabricycleTests.debug.xcconfig */,
				39CBDBBA368A2E4622374824 /* Pods-FabricycleTests.release.xcconfig */,
			);
			name = Pods;
			sourceTree = "<group>";
		};
		E780ACE21F89C2C800CB26F8 /* login */ = {
			isa = PBXGroup;
			children = (
				E7E1549E1F4871B4001D5929 /* LoginViewController.swift */,
				D538F1F31F6D104400AA0C28 /* PreMainPageVC.swift */,
				E7E1549A1F486E53001D5929 /* MainPageVC.swift */,
				D5BF48381F7634B000E9F67E /* SignUpVC.swift */,
				D55E00B11F83C6220008AAA6 /* ClothProfileVC.swift */,
			);
			name = login;
			sourceTree = "<group>";
		};
		E7B814081F4BE198003DE997 /* view */ = {
			isa = PBXGroup;
			children = (
				E7E154AB1F4883F3001D5929 /* AddNewFormCell.swift */,
			);
			name = view;
			sourceTree = "<group>";
		};
		E7DEED541F4FC0B700D15022 /* FabricycleTests */ = {
			isa = PBXGroup;
			children = (
				E7DEED5D1F4FC2C700D15022 /* FabricycleUploadTest.swift */,
				E7DEED551F4FC0B700D15022 /* FabricycleTests.swift */,
				E7DEED571F4FC0B700D15022 /* Info.plist */,
			);
			path = FabricycleTests;
			sourceTree = "<group>";
		};
		E7E1547C1F481DF7001D5929 = {
			isa = PBXGroup;
			children = (
				E7E154871F481DF7001D5929 /* Fabricycle */,
				E7E1548F1F481DF7001D5929 /* Assets.xcassets */,
				E7DEED541F4FC0B700D15022 /* FabricycleTests */,
				E7E154861F481DF7001D5929 /* Products */,
				E76EA3C7BEE8F90CE0C51F60 /* Pods */,
				19A82D9FD4ADF7C337B44725 /* Frameworks */,
			);
			sourceTree = "<group>";
		};
		E7E154861F481DF7001D5929 /* Products */ = {
			isa = PBXGroup;
			children = (
				E7E154851F481DF7001D5929 /* Fabricycle.app */,
				E7DEED531F4FC0B700D15022 /* FabricycleTests.xctest */,
			);
			name = Products;
			sourceTree = "<group>";
		};
		E7E154871F481DF7001D5929 /* Fabricycle */ = {
			isa = PBXGroup;
			children = (
				E71DD7871F8B1F8100815141 /* about */,
				E780ACE21F89C2C800CB26F8 /* login */,
				D538F1F51F6D1DE800AA0C28 /* SideMenuVC */,
				E7B814081F4BE198003DE997 /* view */,
				E7E154A81F487E07001D5929 /* Model */,
				E7E154881F481DF7001D5929 /* AppDelegate.swift */,
				E7E1548C1F481DF7001D5929 /* Main.storyboard */,
				E70C1BF91F499E89005EAEA2 /* New Form flow */,
				E70C1BFA1F499E92005EAEA2 /* support file */,
				E7DEED691F53E22A00D15022 /* ProfileVC.swift */,
				D57091AF1F5B927E005B4067 /* Temp */,
			);
			path = Fabricycle;
			sourceTree = "<group>";
		};
		E7E154A81F487E07001D5929 /* Model */ = {
			isa = PBXGroup;
			children = (
				E7E154AD1F4929EC001D5929 /* User.swift */,
				E7E154A91F487ED7001D5929 /* ClothObject.swift */,
				E7E154AF1F492A5D001D5929 /* FormObject.swift */,
				E70C1BFF1F49A2DC005EAEA2 /* Cloth.swift */,
			);
			name = Model;
			sourceTree = "<group>";
		};
/* End PBXGroup section */

/* Begin PBXNativeTarget section */
		E7DEED521F4FC0B700D15022 /* FabricycleTests */ = {
			isa = PBXNativeTarget;
			buildConfigurationList = E7DEED5A1F4FC0B700D15022 /* Build configuration list for PBXNativeTarget "FabricycleTests" */;
			buildPhases = (
				9FA1BE91B9AB80D8688846CC /* [CP] Check Pods Manifest.lock */,
				E7DEED4F1F4FC0B700D15022 /* Sources */,
				E7DEED501F4FC0B700D15022 /* Frameworks */,
				E7DEED511F4FC0B700D15022 /* Resources */,
				3920EFE3827C46B6C3520B89 /* [CP] Embed Pods Frameworks */,
				57DBC15BE6449F9D2F0CF8CD /* [CP] Copy Pods Resources */,
			);
			buildRules = (
			);
			dependencies = (
				E7DEED591F4FC0B700D15022 /* PBXTargetDependency */,
			);
			name = FabricycleTests;
			productName = FabricycleTests;
			productReference = E7DEED531F4FC0B700D15022 /* FabricycleTests.xctest */;
			productType = "com.apple.product-type.bundle.unit-test";
		};
		E7E154841F481DF7001D5929 /* Fabricycle */ = {
			isa = PBXNativeTarget;
			buildConfigurationList = E7E154971F481DF7001D5929 /* Build configuration list for PBXNativeTarget "Fabricycle" */;
			buildPhases = (
				0B97883F30ADFC4BB0BF5946 /* [CP] Check Pods Manifest.lock */,
				E7E154811F481DF7001D5929 /* Sources */,
				E7E154821F481DF7001D5929 /* Frameworks */,
				E7E154831F481DF7001D5929 /* Resources */,
				660F3C810F3A4D233A2396DF /* [CP] Embed Pods Frameworks */,
				CD987D485DCD7E02DC15B6BD /* [CP] Copy Pods Resources */,
				E7DEED4E1F4EA6EC00D15022 /* ShellScript */,
			);
			buildRules = (
			);
			dependencies = (
			);
			name = Fabricycle;
			productName = Fabricycle;
			productReference = E7E154851F481DF7001D5929 /* Fabricycle.app */;
			productType = "com.apple.product-type.application";
		};
/* End PBXNativeTarget section */

/* Begin PBXProject section */
		E7E1547D1F481DF7001D5929 /* Project object */ = {
			isa = PBXProject;
			attributes = {
				LastSwiftUpdateCheck = 0830;
				LastUpgradeCheck = 0830;
				ORGANIZATIONNAME = zip520123;
				TargetAttributes = {
					E7DEED521F4FC0B700D15022 = {
						CreatedOnToolsVersion = 8.3.2;
						DevelopmentTeam = KCLCJ9X7RB;
						ProvisioningStyle = Automatic;
						TestTargetID = E7E154841F481DF7001D5929;
					};
					E7E154841F481DF7001D5929 = {
						CreatedOnToolsVersion = 8.3.2;
						DevelopmentTeam = N2M8C53W8L;
						ProvisioningStyle = Automatic;
						SystemCapabilities = {
							com.apple.Keychain = {
								enabled = 1;
							};
							com.apple.Push = {
								enabled = 1;
							};
						};
					};
				};
			};
			buildConfigurationList = E7E154801F481DF7001D5929 /* Build configuration list for PBXProject "Fabricycle" */;
			compatibilityVersion = "Xcode 3.2";
			developmentRegion = English;
			hasScannedForEncodings = 0;
			knownRegions = (
				en,
				"zh-Hant",
			);
			mainGroup = E7E1547C1F481DF7001D5929;
			productRefGroup = E7E154861F481DF7001D5929 /* Products */;
			projectDirPath = "";
			projectRoot = "";
			targets = (
				E7E154841F481DF7001D5929 /* Fabricycle */,
				E7DEED521F4FC0B700D15022 /* FabricycleTests */,
			);
		};
/* End PBXProject section */

/* Begin PBXResourcesBuildPhase section */
		E7DEED511F4FC0B700D15022 /* Resources */ = {
			isa = PBXResourcesBuildPhase;
			buildActionMask = 2147483647;
			files = (
			);
			runOnlyForDeploymentPostprocessing = 0;
		};
		E7E154831F481DF7001D5929 /* Resources */ = {
			isa = PBXResourcesBuildPhase;
			buildActionMask = 2147483647;
			files = (
				E7E154931F481DF7001D5929 /* LaunchScreen.storyboard in Resources */,
				E7DEED671F53CF2300D15022 /* apikey.plist in Resources */,
				E71DD78D1F8B21AD00815141 /* About.storyboard in Resources */,
				E7E154901F481DF7001D5929 /* Assets.xcassets in Resources */,
				D55E00B41F84D98F0008AAA6 /* ClothCollectionCell.xib in Resources */,
				D57AC5D61F62DEAE00E01E72 /* Localizable.strings in Resources */,
				E7E1548E1F481DF7001D5929 /* Main.storyboard in Resources */,
				E7DEED681F53CF2300D15022 /* GoogleService-Info.plist in Resources */,
			);
			runOnlyForDeploymentPostprocessing = 0;
		};
/* End PBXResourcesBuildPhase section */

/* Begin PBXShellScriptBuildPhase section */
		0B97883F30ADFC4BB0BF5946 /* [CP] Check Pods Manifest.lock */ = {
			isa = PBXShellScriptBuildPhase;
			buildActionMask = 2147483647;
			files = (
			);
			inputPaths = (
				"${PODS_PODFILE_DIR_PATH}/Podfile.lock",
				"${PODS_ROOT}/Manifest.lock",
			);
			name = "[CP] Check Pods Manifest.lock";
			outputPaths = (
				"$(DERIVED_FILE_DIR)/Pods-Fabricycle-checkManifestLockResult.txt",
			);
			runOnlyForDeploymentPostprocessing = 0;
			shellPath = /bin/sh;
			shellScript = "diff \"${PODS_PODFILE_DIR_PATH}/Podfile.lock\" \"${PODS_ROOT}/Manifest.lock\" > /dev/null\nif [ $? != 0 ] ; then\n    # print error to STDERR\n    echo \"error: The sandbox is not in sync with the Podfile.lock. Run 'pod install' or update your CocoaPods installation.\" >&2\n    exit 1\nfi\n# This output is used by Xcode 'outputs' to avoid re-running this script phase.\necho \"SUCCESS\" > \"${SCRIPT_OUTPUT_FILE_0}\"\n";
			showEnvVarsInLog = 0;
		};
		3920EFE3827C46B6C3520B89 /* [CP] Embed Pods Frameworks */ = {
			isa = PBXShellScriptBuildPhase;
			buildActionMask = 2147483647;
			files = (
			);
			inputPaths = (
				"${SRCROOT}/Pods/Target Support Files/Pods-FabricycleTests/Pods-FabricycleTests-frameworks.sh",
				"${BUILT_PRODUCTS_DIR}/Alamofire-iOS10.3/Alamofire.framework",
				"${BUILT_PRODUCTS_DIR}/GTMSessionFetcher-iOS10.3/GTMSessionFetcher.framework",
				"${BUILT_PRODUCTS_DIR}/GoogleToolboxForMac-iOS10.3/GoogleToolboxForMac.framework",
				"${BUILT_PRODUCTS_DIR}/IQKeyboardManagerSwift-iOS10.3/IQKeyboardManagerSwift.framework",
				"${BUILT_PRODUCTS_DIR}/MBProgressHUD-iOS10.3/MBProgressHUD.framework",
				"${BUILT_PRODUCTS_DIR}/Material-iOS10.3/Material.framework",
				"${BUILT_PRODUCTS_DIR}/SDWebImage-iOS10.3/SDWebImage.framework",
				"${BUILT_PRODUCTS_DIR}/SwiftyJSON-iOS10.3/SwiftyJSON.framework",
			);
			name = "[CP] Embed Pods Frameworks";
			outputPaths = (
				"${TARGET_BUILD_DIR}/${FRAMEWORKS_FOLDER_PATH}/Alamofire.framework",
				"${TARGET_BUILD_DIR}/${FRAMEWORKS_FOLDER_PATH}/GTMSessionFetcher.framework",
				"${TARGET_BUILD_DIR}/${FRAMEWORKS_FOLDER_PATH}/GoogleToolboxForMac.framework",
				"${TARGET_BUILD_DIR}/${FRAMEWORKS_FOLDER_PATH}/IQKeyboardManagerSwift.framework",
				"${TARGET_BUILD_DIR}/${FRAMEWORKS_FOLDER_PATH}/MBProgressHUD.framework",
				"${TARGET_BUILD_DIR}/${FRAMEWORKS_FOLDER_PATH}/Material.framework",
				"${TARGET_BUILD_DIR}/${FRAMEWORKS_FOLDER_PATH}/SDWebImage.framework",
				"${TARGET_BUILD_DIR}/${FRAMEWORKS_FOLDER_PATH}/SwiftyJSON.framework",
			);
			runOnlyForDeploymentPostprocessing = 0;
			shellPath = /bin/sh;
			shellScript = "\"${SRCROOT}/Pods/Target Support Files/Pods-FabricycleTests/Pods-FabricycleTests-frameworks.sh\"\n";
			showEnvVarsInLog = 0;
		};
		57DBC15BE6449F9D2F0CF8CD /* [CP] Copy Pods Resources */ = {
			isa = PBXShellScriptBuildPhase;
			buildActionMask = 2147483647;
			files = (
			);
			inputPaths = (
			);
			name = "[CP] Copy Pods Resources";
			outputPaths = (
			);
			runOnlyForDeploymentPostprocessing = 0;
			shellPath = /bin/sh;
			shellScript = "\"${SRCROOT}/Pods/Target Support Files/Pods-FabricycleTests/Pods-FabricycleTests-resources.sh\"\n";
			showEnvVarsInLog = 0;
		};
		660F3C810F3A4D233A2396DF /* [CP] Embed Pods Frameworks */ = {
			isa = PBXShellScriptBuildPhase;
			buildActionMask = 2147483647;
			files = (
			);
			inputPaths = (
				"${SRCROOT}/Pods/Target Support Files/Pods-Fabricycle/Pods-Fabricycle-frameworks.sh",
				"${BUILT_PRODUCTS_DIR}/ActionSheetPicker-3.0/ActionSheetPicker_3_0.framework",
				"${BUILT_PRODUCTS_DIR}/Alamofire/Alamofire.framework",
				"${BUILT_PRODUCTS_DIR}/GTMOAuth2/GTMOAuth2.framework",
				"${BUILT_PRODUCTS_DIR}/GTMSessionFetcher/GTMSessionFetcher.framework",
				"${BUILT_PRODUCTS_DIR}/GoogleToolboxForMac/GoogleToolboxForMac.framework",
				"${BUILT_PRODUCTS_DIR}/HGCircularSlider/HGCircularSlider.framework",
				"${BUILT_PRODUCTS_DIR}/HMSegmentedControl/HMSegmentedControl.framework",
				"${BUILT_PRODUCTS_DIR}/IQKeyboardManagerSwift/IQKeyboardManagerSwift.framework",
				"${BUILT_PRODUCTS_DIR}/LGSideMenuController/LGSideMenuController.framework",
				"${BUILT_PRODUCTS_DIR}/MBProgressHUD/MBProgressHUD.framework",
				"${BUILT_PRODUCTS_DIR}/Material/Material.framework",
				"${BUILT_PRODUCTS_DIR}/Protobuf/Protobuf.framework",
				"${BUILT_PRODUCTS_DIR}/SDWebImage/SDWebImage.framework",
				"${BUILT_PRODUCTS_DIR}/SwiftyJSON/SwiftyJSON.framework",
				"${BUILT_PRODUCTS_DIR}/iCarousel/iCarousel.framework",
			);
			name = "[CP] Embed Pods Frameworks";
			outputPaths = (
				"${TARGET_BUILD_DIR}/${FRAMEWORKS_FOLDER_PATH}/ActionSheetPicker_3_0.framework",
				"${TARGET_BUILD_DIR}/${FRAMEWORKS_FOLDER_PATH}/Alamofire.framework",
				"${TARGET_BUILD_DIR}/${FRAMEWORKS_FOLDER_PATH}/GTMOAuth2.framework",
				"${TARGET_BUILD_DIR}/${FRAMEWORKS_FOLDER_PATH}/GTMSessionFetcher.framework",
				"${TARGET_BUILD_DIR}/${FRAMEWORKS_FOLDER_PATH}/GoogleToolboxForMac.framework",
				"${TARGET_BUILD_DIR}/${FRAMEWORKS_FOLDER_PATH}/HGCircularSlider.framework",
				"${TARGET_BUILD_DIR}/${FRAMEWORKS_FOLDER_PATH}/HMSegmentedControl.framework",
				"${TARGET_BUILD_DIR}/${FRAMEWORKS_FOLDER_PATH}/IQKeyboardManagerSwift.framework",
				"${TARGET_BUILD_DIR}/${FRAMEWORKS_FOLDER_PATH}/LGSideMenuController.framework",
				"${TARGET_BUILD_DIR}/${FRAMEWORKS_FOLDER_PATH}/MBProgressHUD.framework",
				"${TARGET_BUILD_DIR}/${FRAMEWORKS_FOLDER_PATH}/Material.framework",
				"${TARGET_BUILD_DIR}/${FRAMEWORKS_FOLDER_PATH}/Protobuf.framework",
				"${TARGET_BUILD_DIR}/${FRAMEWORKS_FOLDER_PATH}/SDWebImage.framework",
				"${TARGET_BUILD_DIR}/${FRAMEWORKS_FOLDER_PATH}/SwiftyJSON.framework",
				"${TARGET_BUILD_DIR}/${FRAMEWORKS_FOLDER_PATH}/iCarousel.framework",
			);
			runOnlyForDeploymentPostprocessing = 0;
			shellPath = /bin/sh;
			shellScript = "\"${SRCROOT}/Pods/Target Support Files/Pods-Fabricycle/Pods-Fabricycle-frameworks.sh\"\n";
			showEnvVarsInLog = 0;
		};
		9FA1BE91B9AB80D8688846CC /* [CP] Check Pods Manifest.lock */ = {
			isa = PBXShellScriptBuildPhase;
			buildActionMask = 2147483647;
			files = (
			);
			inputPaths = (
				"${PODS_PODFILE_DIR_PATH}/Podfile.lock",
				"${PODS_ROOT}/Manifest.lock",
			);
			name = "[CP] Check Pods Manifest.lock";
			outputPaths = (
				"$(DERIVED_FILE_DIR)/Pods-FabricycleTests-checkManifestLockResult.txt",
			);
			runOnlyForDeploymentPostprocessing = 0;
			shellPath = /bin/sh;
			shellScript = "diff \"${PODS_PODFILE_DIR_PATH}/Podfile.lock\" \"${PODS_ROOT}/Manifest.lock\" > /dev/null\nif [ $? != 0 ] ; then\n    # print error to STDERR\n    echo \"error: The sandbox is not in sync with the Podfile.lock. Run 'pod install' or update your CocoaPods installation.\" >&2\n    exit 1\nfi\n# This output is used by Xcode 'outputs' to avoid re-running this script phase.\necho \"SUCCESS\" > \"${SCRIPT_OUTPUT_FILE_0}\"\n";
			showEnvVarsInLog = 0;
		};
		CD987D485DCD7E02DC15B6BD /* [CP] Copy Pods Resources */ = {
			isa = PBXShellScriptBuildPhase;
			buildActionMask = 2147483647;
			files = (
			);
			inputPaths = (
				"${SRCROOT}/Pods/Target Support Files/Pods-Fabricycle/Pods-Fabricycle-resources.sh",
				"${PODS_ROOT}/GoogleSignIn/Resources/GoogleSignIn.bundle",
			);
			name = "[CP] Copy Pods Resources";
			outputPaths = (
				"${TARGET_BUILD_DIR}/${UNLOCALIZED_RESOURCES_FOLDER_PATH}",
			);
			runOnlyForDeploymentPostprocessing = 0;
			shellPath = /bin/sh;
			shellScript = "\"${SRCROOT}/Pods/Target Support Files/Pods-Fabricycle/Pods-Fabricycle-resources.sh\"\n";
			showEnvVarsInLog = 0;
		};
		E7DEED4E1F4EA6EC00D15022 /* ShellScript */ = {
			isa = PBXShellScriptBuildPhase;
			buildActionMask = 2147483647;
			files = (
			);
			inputPaths = (
			);
			outputPaths = (
			);
			runOnlyForDeploymentPostprocessing = 0;
			shellPath = /bin/sh;
			shellScript = "#!/bin/bash\nbuildNumber=$(/usr/libexec/PlistBuddy -c \"Print CFBundleVersion\" \"$INFOPLIST_FILE\")\nbuildNumber=$(($buildNumber + 1))\n/usr/libexec/PlistBuddy -c \"Set :CFBundleVersion $buildNumber\" \"$INFOPLIST_FILE\"";
		};
/* End PBXShellScriptBuildPhase section */

/* Begin PBXSourcesBuildPhase section */
		E7DEED4F1F4FC0B700D15022 /* Sources */ = {
			isa = PBXSourcesBuildPhase;
			buildActionMask = 2147483647;
			files = (
				E7DEED5E1F4FC2C700D15022 /* FabricycleUploadTest.swift in Sources */,
				E7DEED561F4FC0B700D15022 /* FabricycleTests.swift in Sources */,
			);
			runOnlyForDeploymentPostprocessing = 0;
		};
		E7E154811F481DF7001D5929 /* Sources */ = {
			isa = PBXSourcesBuildPhase;
			buildActionMask = 2147483647;
			files = (
				E7DEED601F4FFC7400D15022 /* Utilty.swift in Sources */,
				D57091B31F5B9B82005B4067 /* SelectClothPriceVC.swift in Sources */,
				D538F1F21F6CFD6D00AA0C28 /* MenuVC.swift in Sources */,
				D55E00B21F83C6220008AAA6 /* ClothProfileVC.swift in Sources */,
				E70C1C001F49A2DC005EAEA2 /* Cloth.swift in Sources */,
				D57091B51F5B9DCE005B4067 /* SelectPriceCell.swift in Sources */,
				E7DEED6A1F53E22A00D15022 /* ProfileVC.swift in Sources */,
				E7E154AC1F4883F3001D5929 /* AddNewFormCell.swift in Sources */,
				E71A4A911F5EE81A008A57DA /* EditClothDescriptionVC.swift in Sources */,
				D57091AE1F5B91BE005B4067 /* FabricycleNC.swift in Sources */,
				E7DEED791F55526900D15022 /* SingleClothCell.swift in Sources */,
				E7E1549B1F486E53001D5929 /* MainPageVC.swift in Sources */,
				E73B283B1F4D1D01007135A6 /* FormItemVC.swift in Sources */,
				E7E1549D1F487022001D5929 /* AddNewFormVC.swift in Sources */,
				E7DEED711F554F1300D15022 /* AddNewRecycleNumber.swift in Sources */,
				D57091BA1F5BAE36005B4067 /* DelliverinfoCell.swift in Sources */,
				E70C1BFC1F49A119005EAEA2 /* AddNewClothVC.swift in Sources */,
				D5BF48391F7634B000E9F67E /* SignUpVC.swift in Sources */,
				D538F1F41F6D104400AA0C28 /* PreMainPageVC.swift in Sources */,
				E7DEED771F55523200D15022 /* AddNewSellClothCell.swift in Sources */,
				E7DEED7B1F56A66E00D15022 /* SetRecycleClothNumberVC.swift in Sources */,
				D57091A91F5A9B43005B4067 /* AddNewSellClothVC.swift in Sources */,
				E7E154AA1F487ED7001D5929 /* ClothObject.swift in Sources */,
				D57091AC1F5ABEA0005B4067 /* AddNewSellClothDescriptionCell.swift in Sources */,
				E7E1549F1F4871B4001D5929 /* LoginViewController.swift in Sources */,
				D57091BC1F5BAF4B005B4067 /* DeiliverinfoCell2.swift in Sources */,
				E7DEED731F55507A00D15022 /* RecycleClothNumberCell.swift in Sources */,
				E70C1BFE1F49A16F005EAEA2 /* ClothCollectionCell.swift in Sources */,
				E7E154891F481DF7001D5929 /* AppDelegate.swift in Sources */,
				D57091B81F5BACA1005B4067 /* DeliverInfoVC.swift in Sources */,
				E7E154B01F492A5D001D5929 /* FormObject.swift in Sources */,
				E7DEED6C1F53E37200D15022 /* FabricycleTabBarC.swift in Sources */,
				E71DD78F1F8B301600815141 /* AboutVC.swift in Sources */,
				D59D633F1F62C86D00F972D2 /* ShowFormObjectVC.swift in Sources */,
				E7E154AE1F4929EC001D5929 /* User.swift in Sources */,
				D538F1F71F6D1E2500AA0C28 /* SideMenuVC.swift in Sources */,
			);
			runOnlyForDeploymentPostprocessing = 0;
		};
/* End PBXSourcesBuildPhase section */

/* Begin PBXTargetDependency section */
		E7DEED591F4FC0B700D15022 /* PBXTargetDependency */ = {
			isa = PBXTargetDependency;
			target = E7E154841F481DF7001D5929 /* Fabricycle */;
			targetProxy = E7DEED581F4FC0B700D15022 /* PBXContainerItemProxy */;
		};
/* End PBXTargetDependency section */

/* Begin PBXVariantGroup section */
		D57AC5D81F62DEAE00E01E72 /* Localizable.strings */ = {
			isa = PBXVariantGroup;
			children = (
				D57AC5D71F62DEAE00E01E72 /* en */,
				D57AC5D91F62DEBA00E01E72 /* zh-Hant */,
			);
			name = Localizable.strings;
			sourceTree = "<group>";
		};
		E7E1548C1F481DF7001D5929 /* Main.storyboard */ = {
			isa = PBXVariantGroup;
			children = (
				D57AC5D21F62DE3400E01E72 /* en */,
			);
			name = Main.storyboard;
			sourceTree = "<group>";
		};
		E7E154911F481DF7001D5929 /* LaunchScreen.storyboard */ = {
			isa = PBXVariantGroup;
			children = (
				D57AC5D31F62DE3400E01E72 /* en */,
			);
			name = LaunchScreen.storyboard;
			sourceTree = "<group>";
		};
/* End PBXVariantGroup section */

/* Begin XCBuildConfiguration section */
		E7DEED5B1F4FC0B700D15022 /* Debug */ = {
			isa = XCBuildConfiguration;
			baseConfigurationReference = 6FF4E2BC47CCDB3539DB09CD /* Pods-FabricycleTests.debug.xcconfig */;
			buildSettings = {
				BUNDLE_LOADER = "$(TEST_HOST)";
				DEVELOPMENT_TEAM = KCLCJ9X7RB;
				INFOPLIST_FILE = FabricycleTests/Info.plist;
				LD_RUNPATH_SEARCH_PATHS = "$(inherited) @executable_path/Frameworks @loader_path/Frameworks";
				PRODUCT_BUNDLE_IDENTIFIER = com.Lin.FabricycleTests;
				PRODUCT_NAME = "$(TARGET_NAME)";
				SWIFT_OBJC_BRIDGING_HEADER = "Fabricycle/Fabricycle-Bridging-Header.h";
				SWIFT_VERSION = 3.0;
				TEST_HOST = "$(BUILT_PRODUCTS_DIR)/Fabricycle.app/Fabricycle";
			};
			name = Debug;
		};
		E7DEED5C1F4FC0B700D15022 /* Release */ = {
			isa = XCBuildConfiguration;
			baseConfigurationReference = 39CBDBBA368A2E4622374824 /* Pods-FabricycleTests.release.xcconfig */;
			buildSettings = {
				BUNDLE_LOADER = "$(TEST_HOST)";
				DEVELOPMENT_TEAM = KCLCJ9X7RB;
				INFOPLIST_FILE = FabricycleTests/Info.plist;
				LD_RUNPATH_SEARCH_PATHS = "$(inherited) @executable_path/Frameworks @loader_path/Frameworks";
				PRODUCT_BUNDLE_IDENTIFIER = com.Lin.FabricycleTests;
				PRODUCT_NAME = "$(TARGET_NAME)";
				SWIFT_OBJC_BRIDGING_HEADER = "Fabricycle/Fabricycle-Bridging-Header.h";
				SWIFT_VERSION = 3.0;
				TEST_HOST = "$(BUILT_PRODUCTS_DIR)/Fabricycle.app/Fabricycle";
			};
			name = Release;
		};
		E7E154951F481DF7001D5929 /* Debug */ = {
			isa = XCBuildConfiguration;
			buildSettings = {
				ALWAYS_SEARCH_USER_PATHS = NO;
				CLANG_ANALYZER_LOCALIZABILITY_NONLOCALIZED = YES;
				CLANG_ANALYZER_NONNULL = YES;
				CLANG_ANALYZER_NUMBER_OBJECT_CONVERSION = YES_AGGRESSIVE;
				CLANG_CXX_LANGUAGE_STANDARD = "gnu++0x";
				CLANG_CXX_LIBRARY = "libc++";
				CLANG_ENABLE_MODULES = YES;
				CLANG_ENABLE_OBJC_ARC = YES;
				CLANG_WARN_BOOL_CONVERSION = YES;
				CLANG_WARN_CONSTANT_CONVERSION = YES;
				CLANG_WARN_DIRECT_OBJC_ISA_USAGE = YES_ERROR;
				CLANG_WARN_DOCUMENTATION_COMMENTS = YES;
				CLANG_WARN_EMPTY_BODY = YES;
				CLANG_WARN_ENUM_CONVERSION = YES;
				CLANG_WARN_INFINITE_RECURSION = YES;
				CLANG_WARN_INT_CONVERSION = YES;
				CLANG_WARN_OBJC_ROOT_CLASS = YES_ERROR;
				CLANG_WARN_SUSPICIOUS_MOVE = YES;
				CLANG_WARN_UNREACHABLE_CODE = YES;
				CLANG_WARN__DUPLICATE_METHOD_MATCH = YES;
				"CODE_SIGN_IDENTITY[sdk=iphoneos*]" = "iPhone Developer";
				COPY_PHASE_STRIP = NO;
				DEBUG_INFORMATION_FORMAT = dwarf;
				ENABLE_STRICT_OBJC_MSGSEND = YES;
				ENABLE_TESTABILITY = YES;
				FRAMEWORK_SEARCH_PATHS = "~/Downloads/FacebookSDKs-iOS-4.26.0";
				GCC_C_LANGUAGE_STANDARD = gnu99;
				GCC_DYNAMIC_NO_PIC = NO;
				GCC_NO_COMMON_BLOCKS = YES;
				GCC_OPTIMIZATION_LEVEL = 0;
				GCC_PREPROCESSOR_DEFINITIONS = (
					"DEBUG=1",
					"$(inherited)",
				);
				GCC_WARN_64_TO_32_BIT_CONVERSION = YES;
				GCC_WARN_ABOUT_RETURN_TYPE = YES_ERROR;
				GCC_WARN_UNDECLARED_SELECTOR = YES;
				GCC_WARN_UNINITIALIZED_AUTOS = YES_AGGRESSIVE;
				GCC_WARN_UNUSED_FUNCTION = YES;
				GCC_WARN_UNUSED_VARIABLE = YES;
				IPHONEOS_DEPLOYMENT_TARGET = 10.3;
				MTL_ENABLE_DEBUG_INFO = YES;
				ONLY_ACTIVE_ARCH = YES;
				SDKROOT = iphoneos;
				SWIFT_ACTIVE_COMPILATION_CONDITIONS = DEBUG;
				SWIFT_OBJC_BRIDGING_HEADER = "Fabricycle-Bridging-Header.h";
				SWIFT_OPTIMIZATION_LEVEL = "-Onone";
			};
			name = Debug;
		};
		E7E154961F481DF7001D5929 /* Release */ = {
			isa = XCBuildConfiguration;
			buildSettings = {
				ALWAYS_SEARCH_USER_PATHS = NO;
				CLANG_ANALYZER_LOCALIZABILITY_NONLOCALIZED = YES;
				CLANG_ANALYZER_NONNULL = YES;
				CLANG_ANALYZER_NUMBER_OBJECT_CONVERSION = YES_AGGRESSIVE;
				CLANG_CXX_LANGUAGE_STANDARD = "gnu++0x";
				CLANG_CXX_LIBRARY = "libc++";
				CLANG_ENABLE_MODULES = YES;
				CLANG_ENABLE_OBJC_ARC = YES;
				CLANG_WARN_BOOL_CONVERSION = YES;
				CLANG_WARN_CONSTANT_CONVERSION = YES;
				CLANG_WARN_DIRECT_OBJC_ISA_USAGE = YES_ERROR;
				CLANG_WARN_DOCUMENTATION_COMMENTS = YES;
				CLANG_WARN_EMPTY_BODY = YES;
				CLANG_WARN_ENUM_CONVERSION = YES;
				CLANG_WARN_INFINITE_RECURSION = YES;
				CLANG_WARN_INT_CONVERSION = YES;
				CLANG_WARN_OBJC_ROOT_CLASS = YES_ERROR;
				CLANG_WARN_SUSPICIOUS_MOVE = YES;
				CLANG_WARN_UNREACHABLE_CODE = YES;
				CLANG_WARN__DUPLICATE_METHOD_MATCH = YES;
				"CODE_SIGN_IDENTITY[sdk=iphoneos*]" = "iPhone Developer";
				COPY_PHASE_STRIP = NO;
				DEBUG_INFORMATION_FORMAT = "dwarf-with-dsym";
				ENABLE_NS_ASSERTIONS = NO;
				ENABLE_STRICT_OBJC_MSGSEND = YES;
				FRAMEWORK_SEARCH_PATHS = "~/Downloads/FacebookSDKs-iOS-4.26.0";
				GCC_C_LANGUAGE_STANDARD = gnu99;
				GCC_NO_COMMON_BLOCKS = YES;
				GCC_WARN_64_TO_32_BIT_CONVERSION = YES;
				GCC_WARN_ABOUT_RETURN_TYPE = YES_ERROR;
				GCC_WARN_UNDECLARED_SELECTOR = YES;
				GCC_WARN_UNINITIALIZED_AUTOS = YES_AGGRESSIVE;
				GCC_WARN_UNUSED_FUNCTION = YES;
				GCC_WARN_UNUSED_VARIABLE = YES;
				IPHONEOS_DEPLOYMENT_TARGET = 10.3;
				MTL_ENABLE_DEBUG_INFO = NO;
				SDKROOT = iphoneos;
				SWIFT_OBJC_BRIDGING_HEADER = "Fabricycle-Bridging-Header.h";
				SWIFT_OPTIMIZATION_LEVEL = "-Owholemodule";
				VALIDATE_PRODUCT = YES;
			};
			name = Release;
		};
		E7E154981F481DF7001D5929 /* Debug */ = {
			isa = XCBuildConfiguration;
			baseConfigurationReference = C3BC8A9A9F9B95B3C60C1E59 /* Pods-Fabricycle.debug.xcconfig */;
			buildSettings = {
				ASSETCATALOG_COMPILER_APPICON_NAME = AppIcon;
				CODE_SIGN_ENTITLEMENTS = Fabricycle/Fabricycle.entitlements;
				DEVELOPMENT_TEAM = N2M8C53W8L;
				FRAMEWORK_SEARCH_PATHS = (
					"$(inherited)",
					"$(PROJECT_DIR)",
				);
				INFOPLIST_FILE = Fabricycle/Info.plist;
				IPHONEOS_DEPLOYMENT_TARGET = 10.0;
				LD_RUNPATH_SEARCH_PATHS = "$(inherited) @executable_path/Frameworks";
				OTHER_SWIFT_FLAGS = "$(inherited) \"-D\" \"COCOAPODS\" -D DEBUG";
				PRODUCT_BUNDLE_IDENTIFIER = com.Lin.Fabricycle;
				PRODUCT_NAME = "$(TARGET_NAME)";
				SWIFT_OBJC_BRIDGING_HEADER = "Fabricycle/Fabricycle-Bridging-Header.h";
				SWIFT_VERSION = 3.0;
				SWIFT_WHOLE_MODULE_OPTIMIZATION = YES;
				TARGETED_DEVICE_FAMILY = "1,2";
			};
			name = Debug;
		};
		E7E154991F481DF7001D5929 /* Release */ = {
			isa = XCBuildConfiguration;
			baseConfigurationReference = C135058DDCA13435544E294A /* Pods-Fabricycle.release.xcconfig */;
			buildSettings = {
				ASSETCATALOG_COMPILER_APPICON_NAME = AppIcon;
				CODE_SIGN_ENTITLEMENTS = Fabricycle/Fabricycle.entitlements;
				DEVELOPMENT_TEAM = N2M8C53W8L;
				FRAMEWORK_SEARCH_PATHS = (
					"$(inherited)",
					"$(PROJECT_DIR)",
				);
				INFOPLIST_FILE = Fabricycle/Info.plist;
				IPHONEOS_DEPLOYMENT_TARGET = 10.0;
				LD_RUNPATH_SEARCH_PATHS = "$(inherited) @executable_path/Frameworks";
				OTHER_SWIFT_FLAGS = "$(inherited) \"-D\" \"COCOAPODS\" -D DEBUG";
				PRODUCT_BUNDLE_IDENTIFIER = com.Lin.Fabricycle;
				PRODUCT_NAME = "$(TARGET_NAME)";
				SWIFT_OBJC_BRIDGING_HEADER = "Fabricycle/Fabricycle-Bridging-Header.h";
				SWIFT_VERSION = 3.0;
				SWIFT_WHOLE_MODULE_OPTIMIZATION = YES;
				TARGETED_DEVICE_FAMILY = "1,2";
			};
			name = Release;
		};
/* End XCBuildConfiguration section */

/* Begin XCConfigurationList section */
		E7DEED5A1F4FC0B700D15022 /* Build configuration list for PBXNativeTarget "FabricycleTests" */ = {
			isa = XCConfigurationList;
			buildConfigurations = (
				E7DEED5B1F4FC0B700D15022 /* Debug */,
				E7DEED5C1F4FC0B700D15022 /* Release */,
			);
			defaultConfigurationIsVisible = 0;
			defaultConfigurationName = Release;
		};
		E7E154801F481DF7001D5929 /* Build configuration list for PBXProject "Fabricycle" */ = {
			isa = XCConfigurationList;
			buildConfigurations = (
				E7E154951F481DF7001D5929 /* Debug */,
				E7E154961F481DF7001D5929 /* Release */,
			);
			defaultConfigurationIsVisible = 0;
			defaultConfigurationName = Release;
		};
		E7E154971F481DF7001D5929 /* Build configuration list for PBXNativeTarget "Fabricycle" */ = {
			isa = XCConfigurationList;
			buildConfigurations = (
				E7E154981F481DF7001D5929 /* Debug */,
				E7E154991F481DF7001D5929 /* Release */,
			);
			defaultConfigurationIsVisible = 0;
			defaultConfigurationName = Release;
		};
/* End XCConfigurationList section */
	};
	rootObject = E7E1547D1F481DF7001D5929 /* Project object */;
}
